
Microsoft Visual Studio Solution File, Format Version 12.00
# Visual Studio Version 16
VisualStudioVersion = 16.0.30002.166
MinimumVisualStudioVersion = 10.0.40219.1
Project("{9A19103F-16F7-4668-BE54-9A1E7A4F7556}") = "BusinessLogic", "BusinessLogic\BusinessLogic.csproj", "{2C5FD3EB-B0B1-420C-A33F-51459CD790B0}"
EndProject
Project("{9A19103F-16F7-4668-BE54-9A1E7A4F7556}") = "DataAcces", "DataAcces\DataAcces.csproj", "{62997895-2266-45A7-9B1F-81167D1931C5}"
EndProject
Project("{9A19103F-16F7-4668-BE54-9A1E7A4F7556}") = "Enums", "Enums\Enums.csproj", "{DE271DD7-B115-4BD2-BFE1-F63C2CA0700E}"
EndProject
Project("{9A19103F-16F7-4668-BE54-9A1E7A4F7556}") = "RoutineDesignerTests", "RoutineDesignerTests\RoutineDesignerTests.csproj", "{51D14D1B-F8AD-4537-ADF5-E95415E8E66C}"
EndProject
Project("{FAE04EC0-301F-11D3-BF4B-00C04F79EFBC}") = "RoutineDesginerAPI", "RoutineDesginerAPI\RoutineDesginerAPI.csproj", "{497C1F0F-335B-4C19-9DE1-A9C6032ADB04}"
EndProject
Global
	GlobalSection(SolutionConfigurationPlatforms) = preSolution
		Debug|Any CPU = Debug|Any CPU
		Release|Any CPU = Release|Any CPU
	EndGlobalSection
	GlobalSection(ProjectConfigurationPlatforms) = postSolution
		{2C5FD3EB-B0B1-420C-A33F-51459CD790B0}.Debug|Any CPU.ActiveCfg = Debug|Any CPU
		{2C5FD3EB-B0B1-420C-A33F-51459CD790B0}.Debug|Any CPU.Build.0 = Debug|Any CPU
		{2C5FD3EB-B0B1-420C-A33F-51459CD790B0}.Release|Any CPU.ActiveCfg = Release|Any CPU
		{2C5FD3EB-B0B1-420C-A33F-51459CD790B0}.Release|Any CPU.Build.0 = Release|Any CPU
		{62997895-2266-45A7-9B1F-81167D1931C5}.Debug|Any CPU.ActiveCfg = Debug|Any CPU
		{62997895-2266-45A7-9B1F-81167D1931C5}.Debug|Any CPU.Build.0 = Debug|Any CPU
		{62997895-2266-45A7-9B1F-81167D1931C5}.Release|Any CPU.ActiveCfg = Release|Any CPU
		{62997895-2266-45A7-9B1F-81167D1931C5}.Release|Any CPU.Build.0 = Release|Any CPU
		{DE271DD7-B115-4BD2-BFE1-F63C2CA0700E}.Debug|Any CPU.ActiveCfg = Debug|Any CPU
		{DE271DD7-B115-4BD2-BFE1-F63C2CA0700E}.Debug|Any CPU.Build.0 = Debug|Any CPU
		{DE271DD7-B115-4BD2-BFE1-F63C2CA0700E}.Release|Any CPU.ActiveCfg = Release|Any CPU
		{DE271DD7-B115-4BD2-BFE1-F63C2CA0700E}.Release|Any CPU.Build.0 = Release|Any CPU
		{51D14D1B-F8AD-4537-ADF5-E95415E8E66C}.Debug|Any CPU.ActiveCfg = Debug|Any CPU
		{51D14D1B-F8AD-4537-ADF5-E95415E8E66C}.Debug|Any CPU.Build.0 = Debug|Any CPU
		{51D14D1B-F8AD-4537-ADF5-E95415E8E66C}.Release|Any CPU.ActiveCfg = Release|Any CPU
		{51D14D1B-F8AD-4537-ADF5-E95415E8E66C}.Release|Any CPU.Build.0 = Release|Any CPU
		{497C1F0F-335B-4C19-9DE1-A9C6032ADB04}.Debug|Any CPU.ActiveCfg = Debug|Any CPU
		{497C1F0F-335B-4C19-9DE1-A9C6032ADB04}.Debug|Any CPU.Build.0 = Debug|Any CPU
		{497C1F0F-335B-4C19-9DE1-A9C6032ADB04}.Release|Any CPU.ActiveCfg = Release|Any CPU
		{497C1F0F-335B-4C19-9DE1-A9C6032ADB04}.Release|Any CPU.Build.0 = Release|Any CPU
	EndGlobalSection
	GlobalSection(SolutionProperties) = preSolution
		HideSolutionNode = FALSE
	EndGlobalSection
	GlobalSection(ExtensibilityGlobals) = postSolution
		SolutionGuid = {9C6A1A04-CB68-4C83-B17B-9D07F23EC2F2}
	EndGlobalSection
EndGlobal
